
Microsoft Visual Studio Solution File, Format Version 12.00
Project("{FAE04EC0-301F-11D3-BF4B-00C04F79EFBC}") = "Isitar.DoenerOrder.Api", "Isitar.DoenerOrder.Api\Isitar.DoenerOrder.Api.csproj", "{7A68F58E-B410-43C7-9280-A085E68C2FF8}"
EndProject
Project("{FAE04EC0-301F-11D3-BF4B-00C04F79EFBC}") = "Isitar.DoenerOrder.Core", "Isitar.DoenerOrder.Core\Isitar.DoenerOrder.Core.csproj", "{9AE36518-6DA7-43C4-B01E-882EBD8FB6A0}"
EndProject
Project("{FAE04EC0-301F-11D3-BF4B-00C04F79EFBC}") = "Isitar.DoenerOrder.Auth", "Isitar.DoenerOrder.Auth\Isitar.DoenerOrder.Auth.csproj", "{338CEE9A-B700-4E48-AAE6-226D7AFC4D91}"
EndProject
Project("{FAE04EC0-301F-11D3-BF4B-00C04F79EFBC}") = "Isitar.DoenerOrder.Core.Tests", "Isitar.DoenerOrder.Core.Tests\Isitar.DoenerOrder.Core.Tests.csproj", "{1C1B9EF9-6BC4-496B-B307-E66C8FED31FA}"
EndProject
Global
	GlobalSection(SolutionConfigurationPlatforms) = preSolution
		Debug|Any CPU = Debug|Any CPU
		Release|Any CPU = Release|Any CPU
	EndGlobalSection
	GlobalSection(ProjectConfigurationPlatforms) = postSolution
		{7A68F58E-B410-43C7-9280-A085E68C2FF8}.Debug|Any CPU.ActiveCfg = Debug|Any CPU
		{7A68F58E-B410-43C7-9280-A085E68C2FF8}.Debug|Any CPU.Build.0 = Debug|Any CPU
		{7A68F58E-B410-43C7-9280-A085E68C2FF8}.Release|Any CPU.ActiveCfg = Release|Any CPU
		{7A68F58E-B410-43C7-9280-A085E68C2FF8}.Release|Any CPU.Build.0 = Release|Any CPU
		{9AE36518-6DA7-43C4-B01E-882EBD8FB6A0}.Debug|Any CPU.ActiveCfg = Debug|Any CPU
		{9AE36518-6DA7-43C4-B01E-882EBD8FB6A0}.Debug|Any CPU.Build.0 = Debug|Any CPU
		{9AE36518-6DA7-43C4-B01E-882EBD8FB6A0}.Release|Any CPU.ActiveCfg = Release|Any CPU
		{9AE36518-6DA7-43C4-B01E-882EBD8FB6A0}.Release|Any CPU.Build.0 = Release|Any CPU
		{338CEE9A-B700-4E48-AAE6-226D7AFC4D91}.Debug|Any CPU.ActiveCfg = Debug|Any CPU
		{338CEE9A-B700-4E48-AAE6-226D7AFC4D91}.Debug|Any CPU.Build.0 = Debug|Any CPU
		{338CEE9A-B700-4E48-AAE6-226D7AFC4D91}.Release|Any CPU.ActiveCfg = Release|Any CPU
		{338CEE9A-B700-4E48-AAE6-226D7AFC4D91}.Release|Any CPU.Build.0 = Release|Any CPU
		{1C1B9EF9-6BC4-496B-B307-E66C8FED31FA}.Debug|Any CPU.ActiveCfg = Debug|Any CPU
		{1C1B9EF9-6BC4-496B-B307-E66C8FED31FA}.Debug|Any CPU.Build.0 = Debug|Any CPU
		{1C1B9EF9-6BC4-496B-B307-E66C8FED31FA}.Release|Any CPU.ActiveCfg = Release|Any CPU
		{1C1B9EF9-6BC4-496B-B307-E66C8FED31FA}.Release|Any CPU.Build.0 = Release|Any CPU
	EndGlobalSection
EndGlobal
